# This file is automatically @generated by Cargo.
# It is not intended for manual editing.
[[package]]
name = "arrayvec"
version = "0.5.1"
source = "registry+https://github.com/rust-lang/crates.io-index"

[[package]]
name = "tokenizer"
version = "0.1.0"
dependencies = [
 "utf8-chars 1.0.0 (registry+https://github.com/rust-lang/crates.io-index)",
]

[[package]]
name = "utf8-chars"
version = "1.0.0"
source = "registry+https://github.com/rust-lang/crates.io-index"
dependencies = [
 "arrayvec 0.5.1 (registry+https://github.com/rust-lang/crates.io-index)",
]

[[package]]
name = "wisdom"
version = "0.1.0"
dependencies = [
 "tokenizer 0.1.0",
]

[metadata]
"checksum arrayvec 0.5.1 (registry+https://github.com/rust-lang/crates.io-index)" = "cff77d8686867eceff3105329d4698d96c2391c176d5d03adc90c7389162b5b8"
"checksum utf8-chars 1.0.0 (registry+https://github.com/rust-lang/crates.io-index)" = "097e5cd8baed3408f87e11f01cb4c58b223e434f81c3e9cce0c5df1102f6a9dc"
